
Microsoft Visual Studio Solution File, Format Version 12.00
# Visual Studio 2013
VisualStudioVersion = 12.0.21005.1
MinimumVisualStudioVersion = 10.0.40219.1
Project("{FAE04EC0-301F-11D3-BF4B-00C04F79EFBC}") = "NutriManager.Entities", "NutriManager.Entities\NutriManager.Entities.csproj", "{C486ED63-8AD6-4708-A2FF-AA86ECA43AD7}"
EndProject
Project("{FAE04EC0-301F-11D3-BF4B-00C04F79EFBC}") = "NutriManager.Data", "NutriManager.Data\NutriManager.Data.csproj", "{21E117A0-13AA-4AE6-8DC5-FC2833D598B1}"
EndProject
Project("{FAE04EC0-301F-11D3-BF4B-00C04F79EFBC}") = "NutriManager.Repositories", "NutriManager.Repositories\NutriManager.Repositories.csproj", "{01B6B644-69B0-4CB6-A20B-754B95F0718C}"
EndProject
Project("{2150E333-8FDC-42A3-9474-1A3956D46DE8}") = "Interfaces", "Interfaces", "{8E00E61A-5EB2-40FC-B401-7C5B484A8431}"
EndProject
Project("{FAE04EC0-301F-11D3-BF4B-00C04F79EFBC}") = "NutriManager.Interfaces.Repositories", "Interfaces\NutriManager.Interfaces.Repositories\NutriManager.Interfaces.Repositories.csproj", "{6BEC0022-85FB-4EC4-9DB3-BEC196A38E5B}"
EndProject
Project("{2150E333-8FDC-42A3-9474-1A3956D46DE8}") = "Tests", "Tests", "{A0A0E92C-63CC-44E4-847A-DDEBF1EF0BE6}"
EndProject
Project("{FAE04EC0-301F-11D3-BF4B-00C04F79EFBC}") = "NutriManager.Tests.Repositories", "Tests\NutriManager.Tests.Repositories\NutriManager.Tests.Repositories.csproj", "{7CCB9450-98E9-422E-B179-AEFE4CDEA0EF}"
EndProject
Project("{FAE04EC0-301F-11D3-BF4B-00C04F79EFBC}") = "NutriManager.Business", "NutriManager.Business\NutriManager.Business.csproj", "{C4723639-EB72-4CBA-855F-579771DE1C63}"
EndProject
Project("{FAE04EC0-301F-11D3-BF4B-00C04F79EFBC}") = "NutriManager.Interfaces.Business", "Interfaces\NutriManager.Interfaces.Business\NutriManager.Interfaces.Business.csproj", "{A7DEB498-461E-427B-8789-F6BADEB80688}"
EndProject
Project("{FAE04EC0-301F-11D3-BF4B-00C04F79EFBC}") = "NutriManager.Tests.Business", "NutriManager.Tests.Business\NutriManager.Tests.Business.csproj", "{D01828D3-68AD-4B43-97BD-80846680E058}"
EndProject
Project("{FAE04EC0-301F-11D3-BF4B-00C04F79EFBC}") = "NutriManager.Services", "NutriManager.Services\NutriManager.Services.csproj", "{0A475624-9204-422B-8DBB-3B711016BDD3}"
EndProject
Project("{FAE04EC0-301F-11D3-BF4B-00C04F79EFBC}") = "NutriManager.Services.Tests", "Tests\NutriManager.Services.Tests\NutriManager.Services.Tests.csproj", "{208FA606-EB28-412D-ADE0-43B22389FD29}"
EndProject
Project("{FAE04EC0-301F-11D3-BF4B-00C04F79EFBC}") = "NutriManager.Services.Util", "NutriManager.Services.Util\NutriManager.Services.Util.csproj", "{1414F495-65CD-4DA3-B5CE-FF8EDE978782}"
EndProject
Global
	GlobalSection(SolutionConfigurationPlatforms) = preSolution
		Debug|Any CPU = Debug|Any CPU
		Release|Any CPU = Release|Any CPU
	EndGlobalSection
	GlobalSection(ProjectConfigurationPlatforms) = postSolution
		{C486ED63-8AD6-4708-A2FF-AA86ECA43AD7}.Debug|Any CPU.ActiveCfg = Debug|Any CPU
		{C486ED63-8AD6-4708-A2FF-AA86ECA43AD7}.Debug|Any CPU.Build.0 = Debug|Any CPU
		{C486ED63-8AD6-4708-A2FF-AA86ECA43AD7}.Release|Any CPU.ActiveCfg = Release|Any CPU
		{C486ED63-8AD6-4708-A2FF-AA86ECA43AD7}.Release|Any CPU.Build.0 = Release|Any CPU
		{21E117A0-13AA-4AE6-8DC5-FC2833D598B1}.Debug|Any CPU.ActiveCfg = Debug|Any CPU
		{21E117A0-13AA-4AE6-8DC5-FC2833D598B1}.Debug|Any CPU.Build.0 = Debug|Any CPU
		{21E117A0-13AA-4AE6-8DC5-FC2833D598B1}.Release|Any CPU.ActiveCfg = Release|Any CPU
		{21E117A0-13AA-4AE6-8DC5-FC2833D598B1}.Release|Any CPU.Build.0 = Release|Any CPU
		{01B6B644-69B0-4CB6-A20B-754B95F0718C}.Debug|Any CPU.ActiveCfg = Debug|Any CPU
		{01B6B644-69B0-4CB6-A20B-754B95F0718C}.Debug|Any CPU.Build.0 = Debug|Any CPU
		{01B6B644-69B0-4CB6-A20B-754B95F0718C}.Release|Any CPU.ActiveCfg = Release|Any CPU
		{01B6B644-69B0-4CB6-A20B-754B95F0718C}.Release|Any CPU.Build.0 = Release|Any CPU
		{6BEC0022-85FB-4EC4-9DB3-BEC196A38E5B}.Debug|Any CPU.ActiveCfg = Debug|Any CPU
		{6BEC0022-85FB-4EC4-9DB3-BEC196A38E5B}.Debug|Any CPU.Build.0 = Debug|Any CPU
		{6BEC0022-85FB-4EC4-9DB3-BEC196A38E5B}.Release|Any CPU.ActiveCfg = Release|Any CPU
		{6BEC0022-85FB-4EC4-9DB3-BEC196A38E5B}.Release|Any CPU.Build.0 = Release|Any CPU
		{7CCB9450-98E9-422E-B179-AEFE4CDEA0EF}.Debug|Any CPU.ActiveCfg = Debug|Any CPU
		{7CCB9450-98E9-422E-B179-AEFE4CDEA0EF}.Debug|Any CPU.Build.0 = Debug|Any CPU
		{7CCB9450-98E9-422E-B179-AEFE4CDEA0EF}.Release|Any CPU.ActiveCfg = Release|Any CPU
		{7CCB9450-98E9-422E-B179-AEFE4CDEA0EF}.Release|Any CPU.Build.0 = Release|Any CPU
		{C4723639-EB72-4CBA-855F-579771DE1C63}.Debug|Any CPU.ActiveCfg = Debug|Any CPU
		{C4723639-EB72-4CBA-855F-579771DE1C63}.Debug|Any CPU.Build.0 = Debug|Any CPU
		{C4723639-EB72-4CBA-855F-579771DE1C63}.Release|Any CPU.ActiveCfg = Release|Any CPU
		{C4723639-EB72-4CBA-855F-579771DE1C63}.Release|Any CPU.Build.0 = Release|Any CPU
		{A7DEB498-461E-427B-8789-F6BADEB80688}.Debug|Any CPU.ActiveCfg = Debug|Any CPU
		{A7DEB498-461E-427B-8789-F6BADEB80688}.Debug|Any CPU.Build.0 = Debug|Any CPU
		{A7DEB498-461E-427B-8789-F6BADEB80688}.Release|Any CPU.ActiveCfg = Release|Any CPU
		{A7DEB498-461E-427B-8789-F6BADEB80688}.Release|Any CPU.Build.0 = Release|Any CPU
		{D01828D3-68AD-4B43-97BD-80846680E058}.Debug|Any CPU.ActiveCfg = Debug|Any CPU
		{D01828D3-68AD-4B43-97BD-80846680E058}.Debug|Any CPU.Build.0 = Debug|Any CPU
		{D01828D3-68AD-4B43-97BD-80846680E058}.Release|Any CPU.ActiveCfg = Release|Any CPU
		{D01828D3-68AD-4B43-97BD-80846680E058}.Release|Any CPU.Build.0 = Release|Any CPU
		{0A475624-9204-422B-8DBB-3B711016BDD3}.Debug|Any CPU.ActiveCfg = Debug|Any CPU
		{0A475624-9204-422B-8DBB-3B711016BDD3}.Debug|Any CPU.Build.0 = Debug|Any CPU
		{0A475624-9204-422B-8DBB-3B711016BDD3}.Release|Any CPU.ActiveCfg = Release|Any CPU
		{0A475624-9204-422B-8DBB-3B711016BDD3}.Release|Any CPU.Build.0 = Release|Any CPU
		{208FA606-EB28-412D-ADE0-43B22389FD29}.Debug|Any CPU.ActiveCfg = Debug|Any CPU
		{208FA606-EB28-412D-ADE0-43B22389FD29}.Debug|Any CPU.Build.0 = Debug|Any CPU
		{208FA606-EB28-412D-ADE0-43B22389FD29}.Release|Any CPU.ActiveCfg = Release|Any CPU
		{208FA606-EB28-412D-ADE0-43B22389FD29}.Release|Any CPU.Build.0 = Release|Any CPU
		{1414F495-65CD-4DA3-B5CE-FF8EDE978782}.Debug|Any CPU.ActiveCfg = Debug|Any CPU
		{1414F495-65CD-4DA3-B5CE-FF8EDE978782}.Debug|Any CPU.Build.0 = Debug|Any CPU
		{1414F495-65CD-4DA3-B5CE-FF8EDE978782}.Release|Any CPU.ActiveCfg = Release|Any CPU
		{1414F495-65CD-4DA3-B5CE-FF8EDE978782}.Release|Any CPU.Build.0 = Release|Any CPU
	EndGlobalSection
	GlobalSection(SolutionProperties) = preSolution
		HideSolutionNode = FALSE
	EndGlobalSection
	GlobalSection(NestedProjects) = preSolution
		{6BEC0022-85FB-4EC4-9DB3-BEC196A38E5B} = {8E00E61A-5EB2-40FC-B401-7C5B484A8431}
		{A7DEB498-461E-427B-8789-F6BADEB80688} = {8E00E61A-5EB2-40FC-B401-7C5B484A8431}
		{7CCB9450-98E9-422E-B179-AEFE4CDEA0EF} = {A0A0E92C-63CC-44E4-847A-DDEBF1EF0BE6}
		{D01828D3-68AD-4B43-97BD-80846680E058} = {A0A0E92C-63CC-44E4-847A-DDEBF1EF0BE6}
		{208FA606-EB28-412D-ADE0-43B22389FD29} = {A0A0E92C-63CC-44E4-847A-DDEBF1EF0BE6}
	EndGlobalSection
EndGlobal
